
Microsoft Visual Studio Solution File, Format Version 12.00
# Visual Studio Version 16
VisualStudioVersion = 16.0.32228.343
MinimumVisualStudioVersion = 10.0.40219.1
Project("{FAE04EC0-301F-11D3-BF4B-00C04F79EFBC}") = "IterationDemo", "IterationDemo\IterationDemo.csproj", "{9033D995-89D9-4839-A9D3-EF575185C3B2}"
EndProject
Global
	GlobalSection(SolutionConfigurationPlatforms) = preSolution
		Debug|Any CPU = Debug|Any CPU
		Release|Any CPU = Release|Any CPU
	EndGlobalSection
	GlobalSection(ProjectConfigurationPlatforms) = postSolution
		{9033D995-89D9-4839-A9D3-EF575185C3B2}.Debug|Any CPU.ActiveCfg = Debug|Any CPU
		{9033D995-89D9-4839-A9D3-EF575185C3B2}.Debug|Any CPU.Build.0 = Debug|Any CPU
		{9033D995-89D9-4839-A9D3-EF575185C3B2}.Release|Any CPU.ActiveCfg = Release|Any CPU
		{9033D995-89D9-4839-A9D3-EF575185C3B2}.Release|Any CPU.Build.0 = Release|Any CPU
	EndGlobalSection
	GlobalSection(SolutionProperties) = preSolution
		HideSolutionNode = FALSE
	EndGlobalSection
	GlobalSection(ExtensibilityGlobals) = postSolution
		SolutionGuid = {3E76864C-C337-4107-80B7-4AD800FE07AB}
	EndGlobalSection
EndGlobal
